
Microsoft Visual Studio Solution File, Format Version 12.00
# Visual Studio Version 17
VisualStudioVersion = 17.0.31903.59
MinimumVisualStudioVersion = 10.0.40219.1
Project("{FAE04EC0-301F-11D3-BF4B-00C04F79EFBC}") = "SharedKernel", "SharedKernel\SharedKernel.csproj", "{72478EF5-96CD-48A0-A215-25370F2610F3}"
EndProject
Project("{2150E333-8FDC-42A3-9474-1A3956D46DE8}") = "AnimalService", "AnimalService", "{74BAB256-E794-ED39-3953-1DA3D241995F}"
EndProject
Project("{FAE04EC0-301F-11D3-BF4B-00C04F79EFBC}") = "AnimalService.Api", "AnimalService\AnimalService.Api\AnimalService.Api.csproj", "{F2991215-C316-49B8-9C78-0B5E5E47D8B0}"
	ProjectSection(ProjectDependencies) = postProject
		{DEB3E8BC-E83F-4DF4-AA62-ED28F0714660} = {DEB3E8BC-E83F-4DF4-AA62-ED28F0714660}
	EndProjectSection
EndProject
Project("{FAE04EC0-301F-11D3-BF4B-00C04F79EFBC}") = "AnimalService.Application", "AnimalService\AnimalService.Application\AnimalService.Application.csproj", "{9336F25D-95B4-4B2F-B74B-DF99928A2BBC}"
EndProject
Project("{FAE04EC0-301F-11D3-BF4B-00C04F79EFBC}") = "AnimalService.Domain", "AnimalService\AnimalService.Domain\AnimalService.Domain.csproj", "{10447BC2-FC46-4944-81F2-90DA9A0E123E}"
EndProject
Project("{FAE04EC0-301F-11D3-BF4B-00C04F79EFBC}") = "AnimalService.Infrastructure", "AnimalService\AnimalService.Infrastructure\AnimalService.Infrastructure.csproj", "{76BF01CF-04D0-428D-A4EE-96EDB4C50475}"
EndProject
Project("{2150E333-8FDC-42A3-9474-1A3956D46DE8}") = "AdoptionService", "AdoptionService", "{3D4053A5-3A46-1080-4788-8A39CE17E167}"
EndProject
Project("{FAE04EC0-301F-11D3-BF4B-00C04F79EFBC}") = "AdoptionService.Api", "AdoptionService\AdoptionService.Api\AdoptionService.Api.csproj", "{D4108EBC-28FD-4666-A42F-E6C5D7DE7672}"
EndProject
Project("{FAE04EC0-301F-11D3-BF4B-00C04F79EFBC}") = "AdoptionService.Application", "AdoptionService\AdoptionService.Application\AdoptionService.Application.csproj", "{8F48ECA0-AFD0-470E-817D-8761096E92B0}"
EndProject
Project("{FAE04EC0-301F-11D3-BF4B-00C04F79EFBC}") = "AdoptionService.Domain", "AdoptionService\AdoptionService.Domain\AdoptionService.Domain.csproj", "{D6D859BB-87D1-4571-92C8-E477544030E5}"
EndProject
Project("{FAE04EC0-301F-11D3-BF4B-00C04F79EFBC}") = "AdoptionService.Infrastructure", "AdoptionService\AdoptionService.Infrastructure\AdoptionService.Infrastructure.csproj", "{DEB3E8BC-E83F-4DF4-AA62-ED28F0714660}"
EndProject
Project("{2150E333-8FDC-42A3-9474-1A3956D46DE8}") = "UserService", "UserService", "{C0127DB6-3CA8-EE98-7726-A4993E48C5D4}"
EndProject
Project("{FAE04EC0-301F-11D3-BF4B-00C04F79EFBC}") = "UserService.Api", "UserService\UserService.Api\UserService.Api.csproj", "{120DAB89-0AD3-48FB-962D-1397A867D800}"
EndProject
Project("{FAE04EC0-301F-11D3-BF4B-00C04F79EFBC}") = "UserService.Application", "UserService\UserService.Application\UserService.Application.csproj", "{C08F46E0-F8D9-4EBB-BF92-8F929C7240AC}"
EndProject
Project("{FAE04EC0-301F-11D3-BF4B-00C04F79EFBC}") = "UserService.Domain", "UserService\UserService.Domain\UserService.Domain.csproj", "{01FF04E9-4C71-4D28-B9B8-DB491595E7F0}"
EndProject
Project("{FAE04EC0-301F-11D3-BF4B-00C04F79EFBC}") = "UserService.Infrastructure", "UserService\UserService.Infrastructure\UserService.Infrastructure.csproj", "{F13EB896-23E9-4DFA-8251-8BBE51F3B69F}"
EndProject
Project("{FAE04EC0-301F-11D3-BF4B-00C04F79EFBC}") = "ApiGateway", "ApiGateway\ApiGateway.csproj", "{45505359-E70A-4302-8322-11615624FE7D}"
EndProject
Global
	GlobalSection(SolutionConfigurationPlatforms) = preSolution
		Debug|Any CPU = Debug|Any CPU
		Debug|x64 = Debug|x64
		Debug|x86 = Debug|x86
		Release|Any CPU = Release|Any CPU
		Release|x64 = Release|x64
		Release|x86 = Release|x86
	EndGlobalSection
	GlobalSection(ProjectConfigurationPlatforms) = postSolution
		{72478EF5-96CD-48A0-A215-25370F2610F3}.Debug|Any CPU.ActiveCfg = Debug|Any CPU
		{72478EF5-96CD-48A0-A215-25370F2610F3}.Debug|Any CPU.Build.0 = Debug|Any CPU
		{72478EF5-96CD-48A0-A215-25370F2610F3}.Debug|x64.ActiveCfg = Debug|Any CPU
		{72478EF5-96CD-48A0-A215-25370F2610F3}.Debug|x64.Build.0 = Debug|Any CPU
		{72478EF5-96CD-48A0-A215-25370F2610F3}.Debug|x86.ActiveCfg = Debug|Any CPU
		{72478EF5-96CD-48A0-A215-25370F2610F3}.Debug|x86.Build.0 = Debug|Any CPU
		{72478EF5-96CD-48A0-A215-25370F2610F3}.Release|Any CPU.ActiveCfg = Release|Any CPU
		{72478EF5-96CD-48A0-A215-25370F2610F3}.Release|Any CPU.Build.0 = Release|Any CPU
		{72478EF5-96CD-48A0-A215-25370F2610F3}.Release|x64.ActiveCfg = Release|Any CPU
		{72478EF5-96CD-48A0-A215-25370F2610F3}.Release|x64.Build.0 = Release|Any CPU
		{72478EF5-96CD-48A0-A215-25370F2610F3}.Release|x86.ActiveCfg = Release|Any CPU
		{72478EF5-96CD-48A0-A215-25370F2610F3}.Release|x86.Build.0 = Release|Any CPU
		{F2991215-C316-49B8-9C78-0B5E5E47D8B0}.Debug|Any CPU.ActiveCfg = Debug|Any CPU
		{F2991215-C316-49B8-9C78-0B5E5E47D8B0}.Debug|Any CPU.Build.0 = Debug|Any CPU
		{F2991215-C316-49B8-9C78-0B5E5E47D8B0}.Debug|x64.ActiveCfg = Debug|Any CPU
		{F2991215-C316-49B8-9C78-0B5E5E47D8B0}.Debug|x64.Build.0 = Debug|Any CPU
		{F2991215-C316-49B8-9C78-0B5E5E47D8B0}.Debug|x86.ActiveCfg = Debug|Any CPU
		{F2991215-C316-49B8-9C78-0B5E5E47D8B0}.Debug|x86.Build.0 = Debug|Any CPU
		{F2991215-C316-49B8-9C78-0B5E5E47D8B0}.Release|Any CPU.ActiveCfg = Release|Any CPU
		{F2991215-C316-49B8-9C78-0B5E5E47D8B0}.Release|Any CPU.Build.0 = Release|Any CPU
		{F2991215-C316-49B8-9C78-0B5E5E47D8B0}.Release|x64.ActiveCfg = Release|Any CPU
		{F2991215-C316-49B8-9C78-0B5E5E47D8B0}.Release|x64.Build.0 = Release|Any CPU
		{F2991215-C316-49B8-9C78-0B5E5E47D8B0}.Release|x86.ActiveCfg = Release|Any CPU
		{F2991215-C316-49B8-9C78-0B5E5E47D8B0}.Release|x86.Build.0 = Release|Any CPU
		{9336F25D-95B4-4B2F-B74B-DF99928A2BBC}.Debug|Any CPU.ActiveCfg = Debug|Any CPU
		{9336F25D-95B4-4B2F-B74B-DF99928A2BBC}.Debug|Any CPU.Build.0 = Debug|Any CPU
		{9336F25D-95B4-4B2F-B74B-DF99928A2BBC}.Debug|x64.ActiveCfg = Debug|Any CPU
		{9336F25D-95B4-4B2F-B74B-DF99928A2BBC}.Debug|x64.Build.0 = Debug|Any CPU
		{9336F25D-95B4-4B2F-B74B-DF99928A2BBC}.Debug|x86.ActiveCfg = Debug|Any CPU
		{9336F25D-95B4-4B2F-B74B-DF99928A2BBC}.Debug|x86.Build.0 = Debug|Any CPU
		{9336F25D-95B4-4B2F-B74B-DF99928A2BBC}.Release|Any CPU.ActiveCfg = Release|Any CPU
		{9336F25D-95B4-4B2F-B74B-DF99928A2BBC}.Release|Any CPU.Build.0 = Release|Any CPU
		{9336F25D-95B4-4B2F-B74B-DF99928A2BBC}.Release|x64.ActiveCfg = Release|Any CPU
		{9336F25D-95B4-4B2F-B74B-DF99928A2BBC}.Release|x64.Build.0 = Release|Any CPU
		{9336F25D-95B4-4B2F-B74B-DF99928A2BBC}.Release|x86.ActiveCfg = Release|Any CPU
		{9336F25D-95B4-4B2F-B74B-DF99928A2BBC}.Release|x86.Build.0 = Release|Any CPU
		{10447BC2-FC46-4944-81F2-90DA9A0E123E}.Debug|Any CPU.ActiveCfg = Debug|Any CPU
		{10447BC2-FC46-4944-81F2-90DA9A0E123E}.Debug|Any CPU.Build.0 = Debug|Any CPU
		{10447BC2-FC46-4944-81F2-90DA9A0E123E}.Debug|x64.ActiveCfg = Debug|Any CPU
		{10447BC2-FC46-4944-81F2-90DA9A0E123E}.Debug|x64.Build.0 = Debug|Any CPU
		{10447BC2-FC46-4944-81F2-90DA9A0E123E}.Debug|x86.ActiveCfg = Debug|Any CPU
		{10447BC2-FC46-4944-81F2-90DA9A0E123E}.Debug|x86.Build.0 = Debug|Any CPU
		{10447BC2-FC46-4944-81F2-90DA9A0E123E}.Release|Any CPU.ActiveCfg = Release|Any CPU
		{10447BC2-FC46-4944-81F2-90DA9A0E123E}.Release|Any CPU.Build.0 = Release|Any CPU
		{10447BC2-FC46-4944-81F2-90DA9A0E123E}.Release|x64.ActiveCfg = Release|Any CPU
		{10447BC2-FC46-4944-81F2-90DA9A0E123E}.Release|x64.Build.0 = Release|Any CPU
		{10447BC2-FC46-4944-81F2-90DA9A0E123E}.Release|x86.ActiveCfg = Release|Any CPU
		{10447BC2-FC46-4944-81F2-90DA9A0E123E}.Release|x86.Build.0 = Release|Any CPU
		{76BF01CF-04D0-428D-A4EE-96EDB4C50475}.Debug|Any CPU.ActiveCfg = Debug|Any CPU
		{76BF01CF-04D0-428D-A4EE-96EDB4C50475}.Debug|Any CPU.Build.0 = Debug|Any CPU
		{76BF01CF-04D0-428D-A4EE-96EDB4C50475}.Debug|x64.ActiveCfg = Debug|Any CPU
		{76BF01CF-04D0-428D-A4EE-96EDB4C50475}.Debug|x64.Build.0 = Debug|Any CPU
		{76BF01CF-04D0-428D-A4EE-96EDB4C50475}.Debug|x86.ActiveCfg = Debug|Any CPU
		{76BF01CF-04D0-428D-A4EE-96EDB4C50475}.Debug|x86.Build.0 = Debug|Any CPU
		{76BF01CF-04D0-428D-A4EE-96EDB4C50475}.Release|Any CPU.ActiveCfg = Release|Any CPU
		{76BF01CF-04D0-428D-A4EE-96EDB4C50475}.Release|Any CPU.Build.0 = Release|Any CPU
		{76BF01CF-04D0-428D-A4EE-96EDB4C50475}.Release|x64.ActiveCfg = Release|Any CPU
		{76BF01CF-04D0-428D-A4EE-96EDB4C50475}.Release|x64.Build.0 = Release|Any CPU
		{76BF01CF-04D0-428D-A4EE-96EDB4C50475}.Release|x86.ActiveCfg = Release|Any CPU
		{76BF01CF-04D0-428D-A4EE-96EDB4C50475}.Release|x86.Build.0 = Release|Any CPU
		{D4108EBC-28FD-4666-A42F-E6C5D7DE7672}.Debug|Any CPU.ActiveCfg = Debug|Any CPU
		{D4108EBC-28FD-4666-A42F-E6C5D7DE7672}.Debug|Any CPU.Build.0 = Debug|Any CPU
		{D4108EBC-28FD-4666-A42F-E6C5D7DE7672}.Debug|x64.ActiveCfg = Debug|Any CPU
		{D4108EBC-28FD-4666-A42F-E6C5D7DE7672}.Debug|x64.Build.0 = Debug|Any CPU
		{D4108EBC-28FD-4666-A42F-E6C5D7DE7672}.Debug|x86.ActiveCfg = Debug|Any CPU
		{D4108EBC-28FD-4666-A42F-E6C5D7DE7672}.Debug|x86.Build.0 = Debug|Any CPU
		{D4108EBC-28FD-4666-A42F-E6C5D7DE7672}.Release|Any CPU.ActiveCfg = Release|Any CPU
		{D4108EBC-28FD-4666-A42F-E6C5D7DE7672}.Release|Any CPU.Build.0 = Release|Any CPU
		{D4108EBC-28FD-4666-A42F-E6C5D7DE7672}.Release|x64.ActiveCfg = Release|Any CPU
		{D4108EBC-28FD-4666-A42F-E6C5D7DE7672}.Release|x64.Build.0 = Release|Any CPU
		{D4108EBC-28FD-4666-A42F-E6C5D7DE7672}.Release|x86.ActiveCfg = Release|Any CPU
		{D4108EBC-28FD-4666-A42F-E6C5D7DE7672}.Release|x86.Build.0 = Release|Any CPU
		{8F48ECA0-AFD0-470E-817D-8761096E92B0}.Debug|Any CPU.ActiveCfg = Debug|Any CPU
		{8F48ECA0-AFD0-470E-817D-8761096E92B0}.Debug|Any CPU.Build.0 = Debug|Any CPU
		{8F48ECA0-AFD0-470E-817D-8761096E92B0}.Debug|x64.ActiveCfg = Debug|Any CPU
		{8F48ECA0-AFD0-470E-817D-8761096E92B0}.Debug|x64.Build.0 = Debug|Any CPU
		{8F48ECA0-AFD0-470E-817D-8761096E92B0}.Debug|x86.ActiveCfg = Debug|Any CPU
		{8F48ECA0-AFD0-470E-817D-8761096E92B0}.Debug|x86.Build.0 = Debug|Any CPU
		{8F48ECA0-AFD0-470E-817D-8761096E92B0}.Release|Any CPU.ActiveCfg = Release|Any CPU
		{8F48ECA0-AFD0-470E-817D-8761096E92B0}.Release|Any CPU.Build.0 = Release|Any CPU
		{8F48ECA0-AFD0-470E-817D-8761096E92B0}.Release|x64.ActiveCfg = Release|Any CPU
		{8F48ECA0-AFD0-470E-817D-8761096E92B0}.Release|x64.Build.0 = Release|Any CPU
		{8F48ECA0-AFD0-470E-817D-8761096E92B0}.Release|x86.ActiveCfg = Release|Any CPU
		{8F48ECA0-AFD0-470E-817D-8761096E92B0}.Release|x86.Build.0 = Release|Any CPU
		{D6D859BB-87D1-4571-92C8-E477544030E5}.Debug|Any CPU.ActiveCfg = Debug|Any CPU
		{D6D859BB-87D1-4571-92C8-E477544030E5}.Debug|Any CPU.Build.0 = Debug|Any CPU
		{D6D859BB-87D1-4571-92C8-E477544030E5}.Debug|x64.ActiveCfg = Debug|Any CPU
		{D6D859BB-87D1-4571-92C8-E477544030E5}.Debug|x64.Build.0 = Debug|Any CPU
		{D6D859BB-87D1-4571-92C8-E477544030E5}.Debug|x86.ActiveCfg = Debug|Any CPU
		{D6D859BB-87D1-4571-92C8-E477544030E5}.Debug|x86.Build.0 = Debug|Any CPU
		{D6D859BB-87D1-4571-92C8-E477544030E5}.Release|Any CPU.ActiveCfg = Release|Any CPU
		{D6D859BB-87D1-4571-92C8-E477544030E5}.Release|Any CPU.Build.0 = Release|Any CPU
		{D6D859BB-87D1-4571-92C8-E477544030E5}.Release|x64.ActiveCfg = Release|Any CPU
		{D6D859BB-87D1-4571-92C8-E477544030E5}.Release|x64.Build.0 = Release|Any CPU
		{D6D859BB-87D1-4571-92C8-E477544030E5}.Release|x86.ActiveCfg = Release|Any CPU
		{D6D859BB-87D1-4571-92C8-E477544030E5}.Release|x86.Build.0 = Release|Any CPU
		{DEB3E8BC-E83F-4DF4-AA62-ED28F0714660}.Debug|Any CPU.ActiveCfg = Debug|Any CPU
		{DEB3E8BC-E83F-4DF4-AA62-ED28F0714660}.Debug|Any CPU.Build.0 = Debug|Any CPU
		{DEB3E8BC-E83F-4DF4-AA62-ED28F0714660}.Debug|x64.ActiveCfg = Debug|Any CPU
		{DEB3E8BC-E83F-4DF4-AA62-ED28F0714660}.Debug|x64.Build.0 = Debug|Any CPU
		{DEB3E8BC-E83F-4DF4-AA62-ED28F0714660}.Debug|x86.ActiveCfg = Debug|Any CPU
		{DEB3E8BC-E83F-4DF4-AA62-ED28F0714660}.Debug|x86.Build.0 = Debug|Any CPU
		{DEB3E8BC-E83F-4DF4-AA62-ED28F0714660}.Release|Any CPU.ActiveCfg = Release|Any CPU
		{DEB3E8BC-E83F-4DF4-AA62-ED28F0714660}.Release|Any CPU.Build.0 = Release|Any CPU
		{DEB3E8BC-E83F-4DF4-AA62-ED28F0714660}.Release|x64.ActiveCfg = Release|Any CPU
		{DEB3E8BC-E83F-4DF4-AA62-ED28F0714660}.Release|x64.Build.0 = Release|Any CPU
		{DEB3E8BC-E83F-4DF4-AA62-ED28F0714660}.Release|x86.ActiveCfg = Release|Any CPU
		{DEB3E8BC-E83F-4DF4-AA62-ED28F0714660}.Release|x86.Build.0 = Release|Any CPU
		{120DAB89-0AD3-48FB-962D-1397A867D800}.Debug|Any CPU.ActiveCfg = Debug|Any CPU
		{120DAB89-0AD3-48FB-962D-1397A867D800}.Debug|Any CPU.Build.0 = Debug|Any CPU
		{120DAB89-0AD3-48FB-962D-1397A867D800}.Debug|x64.ActiveCfg = Debug|Any CPU
		{120DAB89-0AD3-48FB-962D-1397A867D800}.Debug|x64.Build.0 = Debug|Any CPU
		{120DAB89-0AD3-48FB-962D-1397A867D800}.Debug|x86.ActiveCfg = Debug|Any CPU
		{120DAB89-0AD3-48FB-962D-1397A867D800}.Debug|x86.Build.0 = Debug|Any CPU
		{120DAB89-0AD3-48FB-962D-1397A867D800}.Release|Any CPU.ActiveCfg = Release|Any CPU
		{120DAB89-0AD3-48FB-962D-1397A867D800}.Release|Any CPU.Build.0 = Release|Any CPU
		{120DAB89-0AD3-48FB-962D-1397A867D800}.Release|x64.ActiveCfg = Release|Any CPU
		{120DAB89-0AD3-48FB-962D-1397A867D800}.Release|x64.Build.0 = Release|Any CPU
		{120DAB89-0AD3-48FB-962D-1397A867D800}.Release|x86.ActiveCfg = Release|Any CPU
		{120DAB89-0AD3-48FB-962D-1397A867D800}.Release|x86.Build.0 = Release|Any CPU
		{C08F46E0-F8D9-4EBB-BF92-8F929C7240AC}.Debug|Any CPU.ActiveCfg = Debug|Any CPU
		{C08F46E0-F8D9-4EBB-BF92-8F929C7240AC}.Debug|Any CPU.Build.0 = Debug|Any CPU
		{C08F46E0-F8D9-4EBB-BF92-8F929C7240AC}.Debug|x64.ActiveCfg = Debug|Any CPU
		{C08F46E0-F8D9-4EBB-BF92-8F929C7240AC}.Debug|x64.Build.0 = Debug|Any CPU
		{C08F46E0-F8D9-4EBB-BF92-8F929C7240AC}.Debug|x86.ActiveCfg = Debug|Any CPU
		{C08F46E0-F8D9-4EBB-BF92-8F929C7240AC}.Debug|x86.Build.0 = Debug|Any CPU
		{C08F46E0-F8D9-4EBB-BF92-8F929C7240AC}.Release|Any CPU.ActiveCfg = Release|Any CPU
		{C08F46E0-F8D9-4EBB-BF92-8F929C7240AC}.Release|Any CPU.Build.0 = Release|Any CPU
		{C08F46E0-F8D9-4EBB-BF92-8F929C7240AC}.Release|x64.ActiveCfg = Release|Any CPU
		{C08F46E0-F8D9-4EBB-BF92-8F929C7240AC}.Release|x64.Build.0 = Release|Any CPU
		{C08F46E0-F8D9-4EBB-BF92-8F929C7240AC}.Release|x86.ActiveCfg = Release|Any CPU
		{C08F46E0-F8D9-4EBB-BF92-8F929C7240AC}.Release|x86.Build.0 = Release|Any CPU
		{01FF04E9-4C71-4D28-B9B8-DB491595E7F0}.Debug|Any CPU.ActiveCfg = Debug|Any CPU
		{01FF04E9-4C71-4D28-B9B8-DB491595E7F0}.Debug|Any CPU.Build.0 = Debug|Any CPU
		{01FF04E9-4C71-4D28-B9B8-DB491595E7F0}.Debug|x64.ActiveCfg = Debug|Any CPU
		{01FF04E9-4C71-4D28-B9B8-DB491595E7F0}.Debug|x64.Build.0 = Debug|Any CPU
		{01FF04E9-4C71-4D28-B9B8-DB491595E7F0}.Debug|x86.ActiveCfg = Debug|Any CPU
		{01FF04E9-4C71-4D28-B9B8-DB491595E7F0}.Debug|x86.Build.0 = Debug|Any CPU
		{01FF04E9-4C71-4D28-B9B8-DB491595E7F0}.Release|Any CPU.ActiveCfg = Release|Any CPU
		{01FF04E9-4C71-4D28-B9B8-DB491595E7F0}.Release|Any CPU.Build.0 = Release|Any CPU
		{01FF04E9-4C71-4D28-B9B8-DB491595E7F0}.Release|x64.ActiveCfg = Release|Any CPU
		{01FF04E9-4C71-4D28-B9B8-DB491595E7F0}.Release|x64.Build.0 = Release|Any CPU
		{01FF04E9-4C71-4D28-B9B8-DB491595E7F0}.Release|x86.ActiveCfg = Release|Any CPU
		{01FF04E9-4C71-4D28-B9B8-DB491595E7F0}.Release|x86.Build.0 = Release|Any CPU
		{F13EB896-23E9-4DFA-8251-8BBE51F3B69F}.Debug|Any CPU.ActiveCfg = Debug|Any CPU
		{F13EB896-23E9-4DFA-8251-8BBE51F3B69F}.Debug|Any CPU.Build.0 = Debug|Any CPU
		{F13EB896-23E9-4DFA-8251-8BBE51F3B69F}.Debug|x64.ActiveCfg = Debug|Any CPU
		{F13EB896-23E9-4DFA-8251-8BBE51F3B69F}.Debug|x64.Build.0 = Debug|Any CPU
		{F13EB896-23E9-4DFA-8251-8BBE51F3B69F}.Debug|x86.ActiveCfg = Debug|Any CPU
		{F13EB896-23E9-4DFA-8251-8BBE51F3B69F}.Debug|x86.Build.0 = Debug|Any CPU
		{F13EB896-23E9-4DFA-8251-8BBE51F3B69F}.Release|Any CPU.ActiveCfg = Release|Any CPU
		{F13EB896-23E9-4DFA-8251-8BBE51F3B69F}.Release|Any CPU.Build.0 = Release|Any CPU
		{F13EB896-23E9-4DFA-8251-8BBE51F3B69F}.Release|x64.ActiveCfg = Release|Any CPU
		{F13EB896-23E9-4DFA-8251-8BBE51F3B69F}.Release|x64.Build.0 = Release|Any CPU
		{F13EB896-23E9-4DFA-8251-8BBE51F3B69F}.Release|x86.ActiveCfg = Release|Any CPU
		{F13EB896-23E9-4DFA-8251-8BBE51F3B69F}.Release|x86.Build.0 = Release|Any CPU
		{45505359-E70A-4302-8322-11615624FE7D}.Debug|Any CPU.ActiveCfg = Debug|Any CPU
		{45505359-E70A-4302-8322-11615624FE7D}.Debug|Any CPU.Build.0 = Debug|Any CPU
		{45505359-E70A-4302-8322-11615624FE7D}.Debug|x64.ActiveCfg = Debug|Any CPU
		{45505359-E70A-4302-8322-11615624FE7D}.Debug|x64.Build.0 = Debug|Any CPU
		{45505359-E70A-4302-8322-11615624FE7D}.Debug|x86.ActiveCfg = Debug|Any CPU
		{45505359-E70A-4302-8322-11615624FE7D}.Debug|x86.Build.0 = Debug|Any CPU
		{45505359-E70A-4302-8322-11615624FE7D}.Release|Any CPU.ActiveCfg = Release|Any CPU
		{45505359-E70A-4302-8322-11615624FE7D}.Release|Any CPU.Build.0 = Release|Any CPU
		{45505359-E70A-4302-8322-11615624FE7D}.Release|x64.ActiveCfg = Release|Any CPU
		{45505359-E70A-4302-8322-11615624FE7D}.Release|x64.Build.0 = Release|Any CPU
		{45505359-E70A-4302-8322-11615624FE7D}.Release|x86.ActiveCfg = Release|Any CPU
		{45505359-E70A-4302-8322-11615624FE7D}.Release|x86.Build.0 = Release|Any CPU
	EndGlobalSection
	GlobalSection(SolutionProperties) = preSolution
		HideSolutionNode = FALSE
	EndGlobalSection
	GlobalSection(NestedProjects) = preSolution
		{F2991215-C316-49B8-9C78-0B5E5E47D8B0} = {74BAB256-E794-ED39-3953-1DA3D241995F}
		{9336F25D-95B4-4B2F-B74B-DF99928A2BBC} = {74BAB256-E794-ED39-3953-1DA3D241995F}
		{10447BC2-FC46-4944-81F2-90DA9A0E123E} = {74BAB256-E794-ED39-3953-1DA3D241995F}
		{76BF01CF-04D0-428D-A4EE-96EDB4C50475} = {74BAB256-E794-ED39-3953-1DA3D241995F}
		{D4108EBC-28FD-4666-A42F-E6C5D7DE7672} = {3D4053A5-3A46-1080-4788-8A39CE17E167}
		{8F48ECA0-AFD0-470E-817D-8761096E92B0} = {3D4053A5-3A46-1080-4788-8A39CE17E167}
		{D6D859BB-87D1-4571-92C8-E477544030E5} = {3D4053A5-3A46-1080-4788-8A39CE17E167}
		{DEB3E8BC-E83F-4DF4-AA62-ED28F0714660} = {3D4053A5-3A46-1080-4788-8A39CE17E167}
		{120DAB89-0AD3-48FB-962D-1397A867D800} = {C0127DB6-3CA8-EE98-7726-A4993E48C5D4}
		{C08F46E0-F8D9-4EBB-BF92-8F929C7240AC} = {C0127DB6-3CA8-EE98-7726-A4993E48C5D4}
		{01FF04E9-4C71-4D28-B9B8-DB491595E7F0} = {C0127DB6-3CA8-EE98-7726-A4993E48C5D4}
		{F13EB896-23E9-4DFA-8251-8BBE51F3B69F} = {C0127DB6-3CA8-EE98-7726-A4993E48C5D4}
	EndGlobalSection
	GlobalSection(ExtensibilityGlobals) = postSolution
		SolutionGuid = {FB4D06A3-99C8-4524-9E71-497008CF7E7D}
	EndGlobalSection
EndGlobal
